
Microsoft Visual Studio Solution File, Format Version 12.00
# Visual Studio Version 16
VisualStudioVersion = 16.0.31402.337
MinimumVisualStudioVersion = 10.0.40219.1
Project("{2150E333-8FDC-42A3-9474-1A3956D46DE8}") = "App", "App", "{07967DD7-92AE-41F4-8893-B62A16AF4853}"
EndProject
Project("{2150E333-8FDC-42A3-9474-1A3956D46DE8}") = "Api", "Api", "{AF01330C-0293-4423-9302-09E427A8BA13}"
EndProject
Project("{FAE04EC0-301F-11D3-BF4B-00C04F79EFBC}") = "CleanXamarinPoc.App.UWP", "src\App\CleanXamarinPoc.App\CleanXamarinPoc.App.UWP\CleanXamarinPoc.App.UWP.csproj", "{2EE87086-1821-4A06-B5F7-D44A1E38A3FB}"
EndProject
Project("{FAE04EC0-301F-11D3-BF4B-00C04F79EFBC}") = "CleanXamarinPoc.App.Android", "src\App\CleanXamarinPoc.App\CleanXamarinPoc.App.Android\CleanXamarinPoc.App.Android.csproj", "{23846D40-9F90-477F-B913-3A4C5871936E}"
EndProject
Project("{FAE04EC0-301F-11D3-BF4B-00C04F79EFBC}") = "CleanXamarinPoc.App.iOS", "src\App\CleanXamarinPoc.App\CleanXamarinPoc.App.iOS\CleanXamarinPoc.App.iOS.csproj", "{6573F490-28AF-4968-ACED-631B65FFE2A9}"
EndProject
Project("{FAE04EC0-301F-11D3-BF4B-00C04F79EFBC}") = "CleanXamarinPoc.App", "src\App\CleanXamarinPoc.App\CleanXamarinPoc.App\CleanXamarinPoc.App.csproj", "{45100178-8040-4A0C-B685-FCEF5426EACD}"
EndProject
Project("{2150E333-8FDC-42A3-9474-1A3956D46DE8}") = "Tests", "Tests", "{5ED6BCB4-377C-437A-9799-03A2788ECAB0}"
EndProject
Project("{2150E333-8FDC-42A3-9474-1A3956D46DE8}") = "App", "App", "{D8152EC3-049D-4AF2-841E-FE28AA8623A7}"
EndProject
Project("{FAE04EC0-301F-11D3-BF4B-00C04F79EFBC}") = "CleanXamarinPoc.App.Test", "tests\CleanXamarinPoc.App.Test\CleanXamarinPoc.App.Test.csproj", "{8791D041-2BA0-4C32-9353-B5E3DB7FC2B9}"
EndProject
Global
	GlobalSection(SolutionConfigurationPlatforms) = preSolution
		Debug|Any CPU = Debug|Any CPU
		Debug|ARM = Debug|ARM
		Debug|iPhone = Debug|iPhone
		Debug|iPhoneSimulator = Debug|iPhoneSimulator
		Debug|x64 = Debug|x64
		Debug|x86 = Debug|x86
		Release|Any CPU = Release|Any CPU
		Release|ARM = Release|ARM
		Release|iPhone = Release|iPhone
		Release|iPhoneSimulator = Release|iPhoneSimulator
		Release|x64 = Release|x64
		Release|x86 = Release|x86
	EndGlobalSection
	GlobalSection(ProjectConfigurationPlatforms) = postSolution
		{2EE87086-1821-4A06-B5F7-D44A1E38A3FB}.Debug|Any CPU.ActiveCfg = Debug|x86
		{2EE87086-1821-4A06-B5F7-D44A1E38A3FB}.Debug|ARM.ActiveCfg = Debug|ARM
		{2EE87086-1821-4A06-B5F7-D44A1E38A3FB}.Debug|ARM.Build.0 = Debug|ARM
		{2EE87086-1821-4A06-B5F7-D44A1E38A3FB}.Debug|ARM.Deploy.0 = Debug|ARM
		{2EE87086-1821-4A06-B5F7-D44A1E38A3FB}.Debug|iPhone.ActiveCfg = Debug|x86
		{2EE87086-1821-4A06-B5F7-D44A1E38A3FB}.Debug|iPhoneSimulator.ActiveCfg = Debug|x86
		{2EE87086-1821-4A06-B5F7-D44A1E38A3FB}.Debug|x64.ActiveCfg = Debug|x64
		{2EE87086-1821-4A06-B5F7-D44A1E38A3FB}.Debug|x64.Build.0 = Debug|x64
		{2EE87086-1821-4A06-B5F7-D44A1E38A3FB}.Debug|x64.Deploy.0 = Debug|x64
		{2EE87086-1821-4A06-B5F7-D44A1E38A3FB}.Debug|x86.ActiveCfg = Debug|x86
		{2EE87086-1821-4A06-B5F7-D44A1E38A3FB}.Debug|x86.Build.0 = Debug|x86
		{2EE87086-1821-4A06-B5F7-D44A1E38A3FB}.Debug|x86.Deploy.0 = Debug|x86
		{2EE87086-1821-4A06-B5F7-D44A1E38A3FB}.Release|Any CPU.ActiveCfg = Release|x86
		{2EE87086-1821-4A06-B5F7-D44A1E38A3FB}.Release|ARM.ActiveCfg = Release|ARM
		{2EE87086-1821-4A06-B5F7-D44A1E38A3FB}.Release|ARM.Build.0 = Release|ARM
		{2EE87086-1821-4A06-B5F7-D44A1E38A3FB}.Release|ARM.Deploy.0 = Release|ARM
		{2EE87086-1821-4A06-B5F7-D44A1E38A3FB}.Release|iPhone.ActiveCfg = Release|x86
		{2EE87086-1821-4A06-B5F7-D44A1E38A3FB}.Release|iPhoneSimulator.ActiveCfg = Release|x86
		{2EE87086-1821-4A06-B5F7-D44A1E38A3FB}.Release|x64.ActiveCfg = Release|x64
		{2EE87086-1821-4A06-B5F7-D44A1E38A3FB}.Release|x64.Build.0 = Release|x64
		{2EE87086-1821-4A06-B5F7-D44A1E38A3FB}.Release|x64.Deploy.0 = Release|x64
		{2EE87086-1821-4A06-B5F7-D44A1E38A3FB}.Release|x86.ActiveCfg = Release|x86
		{2EE87086-1821-4A06-B5F7-D44A1E38A3FB}.Release|x86.Build.0 = Release|x86
		{2EE87086-1821-4A06-B5F7-D44A1E38A3FB}.Release|x86.Deploy.0 = Release|x86
		{23846D40-9F90-477F-B913-3A4C5871936E}.Debug|Any CPU.ActiveCfg = Debug|Any CPU
		{23846D40-9F90-477F-B913-3A4C5871936E}.Debug|Any CPU.Build.0 = Debug|Any CPU
		{23846D40-9F90-477F-B913-3A4C5871936E}.Debug|Any CPU.Deploy.0 = Debug|Any CPU
		{23846D40-9F90-477F-B913-3A4C5871936E}.Debug|ARM.ActiveCfg = Debug|Any CPU
		{23846D40-9F90-477F-B913-3A4C5871936E}.Debug|ARM.Build.0 = Debug|Any CPU
		{23846D40-9F90-477F-B913-3A4C5871936E}.Debug|ARM.Deploy.0 = Debug|Any CPU
		{23846D40-9F90-477F-B913-3A4C5871936E}.Debug|iPhone.ActiveCfg = Debug|Any CPU
		{23846D40-9F90-477F-B913-3A4C5871936E}.Debug|iPhone.Build.0 = Debug|Any CPU
		{23846D40-9F90-477F-B913-3A4C5871936E}.Debug|iPhone.Deploy.0 = Debug|Any CPU
		{23846D40-9F90-477F-B913-3A4C5871936E}.Debug|iPhoneSimulator.ActiveCfg = Debug|Any CPU
		{23846D40-9F90-477F-B913-3A4C5871936E}.Debug|iPhoneSimulator.Build.0 = Debug|Any CPU
		{23846D40-9F90-477F-B913-3A4C5871936E}.Debug|iPhoneSimulator.Deploy.0 = Debug|Any CPU
		{23846D40-9F90-477F-B913-3A4C5871936E}.Debug|x64.ActiveCfg = Debug|Any CPU
		{23846D40-9F90-477F-B913-3A4C5871936E}.Debug|x64.Build.0 = Debug|Any CPU
		{23846D40-9F90-477F-B913-3A4C5871936E}.Debug|x64.Deploy.0 = Debug|Any CPU
		{23846D40-9F90-477F-B913-3A4C5871936E}.Debug|x86.ActiveCfg = Debug|Any CPU
		{23846D40-9F90-477F-B913-3A4C5871936E}.Debug|x86.Build.0 = Debug|Any CPU
		{23846D40-9F90-477F-B913-3A4C5871936E}.Debug|x86.Deploy.0 = Debug|Any CPU
		{23846D40-9F90-477F-B913-3A4C5871936E}.Release|Any CPU.ActiveCfg = Release|Any CPU
		{23846D40-9F90-477F-B913-3A4C5871936E}.Release|Any CPU.Build.0 = Release|Any CPU
		{23846D40-9F90-477F-B913-3A4C5871936E}.Release|Any CPU.Deploy.0 = Release|Any CPU
		{23846D40-9F90-477F-B913-3A4C5871936E}.Release|ARM.ActiveCfg = Release|Any CPU
		{23846D40-9F90-477F-B913-3A4C5871936E}.Release|ARM.Build.0 = Release|Any CPU
		{23846D40-9F90-477F-B913-3A4C5871936E}.Release|ARM.Deploy.0 = Release|Any CPU
		{23846D40-9F90-477F-B913-3A4C5871936E}.Release|iPhone.ActiveCfg = Release|Any CPU
		{23846D40-9F90-477F-B913-3A4C5871936E}.Release|iPhone.Build.0 = Release|Any CPU
		{23846D40-9F90-477F-B913-3A4C5871936E}.Release|iPhone.Deploy.0 = Release|Any CPU
		{23846D40-9F90-477F-B913-3A4C5871936E}.Release|iPhoneSimulator.ActiveCfg = Release|Any CPU
		{23846D40-9F90-477F-B913-3A4C5871936E}.Release|iPhoneSimulator.Build.0 = Release|Any CPU
		{23846D40-9F90-477F-B913-3A4C5871936E}.Release|iPhoneSimulator.Deploy.0 = Release|Any CPU
		{23846D40-9F90-477F-B913-3A4C5871936E}.Release|x64.ActiveCfg = Release|Any CPU
		{23846D40-9F90-477F-B913-3A4C5871936E}.Release|x64.Build.0 = Release|Any CPU
		{23846D40-9F90-477F-B913-3A4C5871936E}.Release|x64.Deploy.0 = Release|Any CPU
		{23846D40-9F90-477F-B913-3A4C5871936E}.Release|x86.ActiveCfg = Release|Any CPU
		{23846D40-9F90-477F-B913-3A4C5871936E}.Release|x86.Build.0 = Release|Any CPU
		{23846D40-9F90-477F-B913-3A4C5871936E}.Release|x86.Deploy.0 = Release|Any CPU
		{6573F490-28AF-4968-ACED-631B65FFE2A9}.Debug|Any CPU.ActiveCfg = Debug|iPhoneSimulator
		{6573F490-28AF-4968-ACED-631B65FFE2A9}.Debug|ARM.ActiveCfg = Debug|iPhoneSimulator
		{6573F490-28AF-4968-ACED-631B65FFE2A9}.Debug|iPhone.ActiveCfg = Debug|iPhone
		{6573F490-28AF-4968-ACED-631B65FFE2A9}.Debug|iPhone.Build.0 = Debug|iPhone
		{6573F490-28AF-4968-ACED-631B65FFE2A9}.Debug|iPhoneSimulator.ActiveCfg = Debug|iPhoneSimulator
		{6573F490-28AF-4968-ACED-631B65FFE2A9}.Debug|iPhoneSimulator.Build.0 = Debug|iPhoneSimulator
		{6573F490-28AF-4968-ACED-631B65FFE2A9}.Debug|x64.ActiveCfg = Debug|iPhoneSimulator
		{6573F490-28AF-4968-ACED-631B65FFE2A9}.Debug|x86.ActiveCfg = Debug|iPhoneSimulator
		{6573F490-28AF-4968-ACED-631B65FFE2A9}.Release|Any CPU.ActiveCfg = Release|iPhoneSimulator
		{6573F490-28AF-4968-ACED-631B65FFE2A9}.Release|ARM.ActiveCfg = Release|iPhoneSimulator
		{6573F490-28AF-4968-ACED-631B65FFE2A9}.Release|iPhone.ActiveCfg = Release|iPhone
		{6573F490-28AF-4968-ACED-631B65FFE2A9}.Release|iPhone.Build.0 = Release|iPhone
		{6573F490-28AF-4968-ACED-631B65FFE2A9}.Release|iPhoneSimulator.ActiveCfg = Release|iPhoneSimulator
		{6573F490-28AF-4968-ACED-631B65FFE2A9}.Release|iPhoneSimulator.Build.0 = Release|iPhoneSimulator
		{6573F490-28AF-4968-ACED-631B65FFE2A9}.Release|x64.ActiveCfg = Release|iPhoneSimulator
		{6573F490-28AF-4968-ACED-631B65FFE2A9}.Release|x86.ActiveCfg = Release|iPhoneSimulator
		{45100178-8040-4A0C-B685-FCEF5426EACD}.Debug|Any CPU.ActiveCfg = Debug|Any CPU
		{45100178-8040-4A0C-B685-FCEF5426EACD}.Debug|Any CPU.Build.0 = Debug|Any CPU
		{45100178-8040-4A0C-B685-FCEF5426EACD}.Debug|ARM.ActiveCfg = Debug|Any CPU
		{45100178-8040-4A0C-B685-FCEF5426EACD}.Debug|ARM.Build.0 = Debug|Any CPU
		{45100178-8040-4A0C-B685-FCEF5426EACD}.Debug|iPhone.ActiveCfg = Debug|Any CPU
		{45100178-8040-4A0C-B685-FCEF5426EACD}.Debug|iPhone.Build.0 = Debug|Any CPU
		{45100178-8040-4A0C-B685-FCEF5426EACD}.Debug|iPhoneSimulator.ActiveCfg = Debug|Any CPU
		{45100178-8040-4A0C-B685-FCEF5426EACD}.Debug|iPhoneSimulator.Build.0 = Debug|Any CPU
		{45100178-8040-4A0C-B685-FCEF5426EACD}.Debug|x64.ActiveCfg = Debug|Any CPU
		{45100178-8040-4A0C-B685-FCEF5426EACD}.Debug|x64.Build.0 = Debug|Any CPU
		{45100178-8040-4A0C-B685-FCEF5426EACD}.Debug|x86.ActiveCfg = Debug|Any CPU
		{45100178-8040-4A0C-B685-FCEF5426EACD}.Debug|x86.Build.0 = Debug|Any CPU
		{45100178-8040-4A0C-B685-FCEF5426EACD}.Release|Any CPU.ActiveCfg = Release|Any CPU
		{45100178-8040-4A0C-B685-FCEF5426EACD}.Release|Any CPU.Build.0 = Release|Any CPU
		{45100178-8040-4A0C-B685-FCEF5426EACD}.Release|ARM.ActiveCfg = Release|Any CPU
		{45100178-8040-4A0C-B685-FCEF5426EACD}.Release|ARM.Build.0 = Release|Any CPU
		{45100178-8040-4A0C-B685-FCEF5426EACD}.Release|iPhone.ActiveCfg = Release|Any CPU
		{45100178-8040-4A0C-B685-FCEF5426EACD}.Release|iPhone.Build.0 = Release|Any CPU
		{45100178-8040-4A0C-B685-FCEF5426EACD}.Release|iPhoneSimulator.ActiveCfg = Release|Any CPU
		{45100178-8040-4A0C-B685-FCEF5426EACD}.Release|iPhoneSimulator.Build.0 = Release|Any CPU
		{45100178-8040-4A0C-B685-FCEF5426EACD}.Release|x64.ActiveCfg = Release|Any CPU
		{45100178-8040-4A0C-B685-FCEF5426EACD}.Release|x64.Build.0 = Release|Any CPU
		{45100178-8040-4A0C-B685-FCEF5426EACD}.Release|x86.ActiveCfg = Release|Any CPU
		{45100178-8040-4A0C-B685-FCEF5426EACD}.Release|x86.Build.0 = Release|Any CPU
		{8791D041-2BA0-4C32-9353-B5E3DB7FC2B9}.Debug|Any CPU.ActiveCfg = Debug|Any CPU
		{8791D041-2BA0-4C32-9353-B5E3DB7FC2B9}.Debug|Any CPU.Build.0 = Debug|Any CPU
		{8791D041-2BA0-4C32-9353-B5E3DB7FC2B9}.Debug|ARM.ActiveCfg = Debug|Any CPU
		{8791D041-2BA0-4C32-9353-B5E3DB7FC2B9}.Debug|ARM.Build.0 = Debug|Any CPU
		{8791D041-2BA0-4C32-9353-B5E3DB7FC2B9}.Debug|iPhone.ActiveCfg = Debug|Any CPU
		{8791D041-2BA0-4C32-9353-B5E3DB7FC2B9}.Debug|iPhone.Build.0 = Debug|Any CPU
		{8791D041-2BA0-4C32-9353-B5E3DB7FC2B9}.Debug|iPhoneSimulator.ActiveCfg = Debug|Any CPU
		{8791D041-2BA0-4C32-9353-B5E3DB7FC2B9}.Debug|iPhoneSimulator.Build.0 = Debug|Any CPU
		{8791D041-2BA0-4C32-9353-B5E3DB7FC2B9}.Debug|x64.ActiveCfg = Debug|Any CPU
		{8791D041-2BA0-4C32-9353-B5E3DB7FC2B9}.Debug|x64.Build.0 = Debug|Any CPU
		{8791D041-2BA0-4C32-9353-B5E3DB7FC2B9}.Debug|x86.ActiveCfg = Debug|Any CPU
		{8791D041-2BA0-4C32-9353-B5E3DB7FC2B9}.Debug|x86.Build.0 = Debug|Any CPU
		{8791D041-2BA0-4C32-9353-B5E3DB7FC2B9}.Release|Any CPU.ActiveCfg = Release|Any CPU
		{8791D041-2BA0-4C32-9353-B5E3DB7FC2B9}.Release|Any CPU.Build.0 = Release|Any CPU
		{8791D041-2BA0-4C32-9353-B5E3DB7FC2B9}.Release|ARM.ActiveCfg = Release|Any CPU
		{8791D041-2BA0-4C32-9353-B5E3DB7FC2B9}.Release|ARM.Build.0 = Release|Any CPU
		{8791D041-2BA0-4C32-9353-B5E3DB7FC2B9}.Release|iPhone.ActiveCfg = Release|Any CPU
		{8791D041-2BA0-4C32-9353-B5E3DB7FC2B9}.Release|iPhone.Build.0 = Release|Any CPU
		{8791D041-2BA0-4C32-9353-B5E3DB7FC2B9}.Release|iPhoneSimulator.ActiveCfg = Release|Any CPU
		{8791D041-2BA0-4C32-9353-B5E3DB7FC2B9}.Release|iPhoneSimulator.Build.0 = Release|Any CPU
		{8791D041-2BA0-4C32-9353-B5E3DB7FC2B9}.Release|x64.ActiveCfg = Release|Any CPU
		{8791D041-2BA0-4C32-9353-B5E3DB7FC2B9}.Release|x64.Build.0 = Release|Any CPU
		{8791D041-2BA0-4C32-9353-B5E3DB7FC2B9}.Release|x86.ActiveCfg = Release|Any CPU
		{8791D041-2BA0-4C32-9353-B5E3DB7FC2B9}.Release|x86.Build.0 = Release|Any CPU
	EndGlobalSection
	GlobalSection(SolutionProperties) = preSolution
		HideSolutionNode = FALSE
	EndGlobalSection
	GlobalSection(NestedProjects) = preSolution
		{2EE87086-1821-4A06-B5F7-D44A1E38A3FB} = {07967DD7-92AE-41F4-8893-B62A16AF4853}
		{23846D40-9F90-477F-B913-3A4C5871936E} = {07967DD7-92AE-41F4-8893-B62A16AF4853}
		{6573F490-28AF-4968-ACED-631B65FFE2A9} = {07967DD7-92AE-41F4-8893-B62A16AF4853}
		{45100178-8040-4A0C-B685-FCEF5426EACD} = {07967DD7-92AE-41F4-8893-B62A16AF4853}
		{D8152EC3-049D-4AF2-841E-FE28AA8623A7} = {5ED6BCB4-377C-437A-9799-03A2788ECAB0}
		{8791D041-2BA0-4C32-9353-B5E3DB7FC2B9} = {D8152EC3-049D-4AF2-841E-FE28AA8623A7}
	EndGlobalSection
	GlobalSection(ExtensibilityGlobals) = postSolution
		SolutionGuid = {18FBB9F3-5C10-4D06-81D4-152FB37E8EBE}
	EndGlobalSection
EndGlobal
